# This file was autogenerated by Stack.
# You should not edit this file by hand.
# For more information, please see the documentation at:
#   https://docs.haskellstack.org/en/stable/lock_files

packages:
- completed:
    hackage: componentm-0.0.0.2@sha256:d15df070056810a512183021d95af6fc99a4ff96a26352de4fe46b92ebc84728,2103
    pantry-tree:
      size: 629
      sha256: eb848cec860eb1588d5197a6e5441d60058aa006be610d2ca7388deac1c912e5
  original:
    hackage: componentm-0.0.0.2@sha256:d15df070056810a512183021d95af6fc99a4ff96a26352de4fe46b92ebc84728
- completed:
    hackage: ghc-lib-parser-8.8.2.20200205@sha256:343f889f7b29f5ec07cf0d18d2a53f250fa5c002b6468a6a05b385d0191b8d34,8408
    pantry-tree:
      size: 18102
      sha256: 3749da93f98300b35fe20e4947478a9ec081405e700e48d9d1998718c55e7eb2
  original:
    hackage: ghc-lib-parser-8.8.2.20200205@sha256:343f889f7b29f5ec07cf0d18d2a53f250fa5c002b6468a6a05b385d0191b8d34
- completed:
    hackage: ghc-lib-parser-ex-8.8.5.1@sha256:db6c632d986390660f949d4f89bcacaa2bf1d6ab991886f0a627171b5a3a1057,2502
    pantry-tree:
      size: 1085
      sha256: 50671cd663bc20a14abff01f146579d86521a43a5e0c588d0b87c05607f35eda
  original:
    hackage: ghc-lib-parser-ex-8.8.5.1@sha256:db6c632d986390660f949d4f89bcacaa2bf1d6ab991886f0a627171b5a3a1057
- completed:
    hackage: happy-1.19.9@sha256:f8c774230735a390c287b2980cfcd2703d24d8dde85a01ea721b7b4b4c82944f,4667
    pantry-tree:
      size: 7980
      sha256: 1f1d622f6e773e7a674da6364b755714c76c3fbb3c7a4e65deaf07242fc15211
  original:
    hackage: happy-1.19.9@sha256:f8c774230735a390c287b2980cfcd2703d24d8dde85a01ea721b7b4b4c82944f
- completed:
    hackage: haskell-src-exts-1.23.0@sha256:1bb9f7e97d569e56973133cb075fdcc1bfd11f90d94b035b5cf44814bb39a73d,4541
    pantry-tree:
      size: 97804
      sha256: 8e5bc885533431db9bf75e9609f6b80b56ab0c289a903d701f8628e78322afd0
  original:
    hackage: haskell-src-exts-1.23.0@sha256:1bb9f7e97d569e56973133cb075fdcc1bfd11f90d94b035b5cf44814bb39a73d
- completed:
    hackage: hlint-2.2.11@sha256:f4eef0d718264824254bf375a85a91a8756b20c4f7d2a4854ffe4e69e8bd1679,4069
    pantry-tree:
      size: 5014
      sha256: f75f1e4185337aa32610ec7710d12e5d2b9c79292fa8a08348580861c99c6826
  original:
    hackage: hlint-2.2.11@sha256:f4eef0d718264824254bf375a85a91a8756b20c4f7d2a4854ffe4e69e8bd1679
- completed:
    hackage: rio-0.1.14.0@sha256:076670fe8dc2a23486336e1beb714712447511e88df3480819db2a3312a750a9,3633
    pantry-tree:
      size: 4745
      sha256: 785cdaeadab4f26e21a644417924e9b0f23bcfff39f5ed8e2570eb6f32b668ae
  original:
    hackage: rio-0.1.14.0@sha256:076670fe8dc2a23486336e1beb714712447511e88df3480819db2a3312a750a9
- completed:
    hackage: teardown-0.5.0.1@sha256:b7a6812637f79d81632bb7adebc5ad9a96fffacf3e5f655d5bf21728bd3786f9,2868
    pantry-tree:
      size: 742
      sha256: 386c90aef420c528d67581e2108bacbb648b8ca6d1bbd447e5f3a306db4b236c
  original:
    hackage: teardown-0.5.0.1@sha256:b7a6812637f79d81632bb7adebc5ad9a96fffacf3e5f655d5bf21728bd3786f9
- completed:
    hackage: typed-process-0.2.6.0@sha256:c901c13d491441830eb23132ad6968243a56b98161629d260a26c0b13c735fcd,2136
    pantry-tree:
      size: 529
      sha256: 2ef79f15f1f391e49dc522076f6d1584c7b305bf2aaa0dfec4dc0d4b61f31111
  original:
    hackage: typed-process-0.2.6.0@sha256:c901c13d491441830eb23132ad6968243a56b98161629d260a26c0b13c735fcd
- completed:
    hackage: unliftio-0.2.12@sha256:b089fbc2ff2628a963c2c4b12143f2020874e3e5144ffd6c62b25639a0ca1483,3325
    pantry-tree:
      size: 2229
      sha256: 4971b43f3d473eff868eb1a0c359729b49f1779e78c462ba45ef0d1eda677699
  original:
    hackage: unliftio-0.2.12@sha256:b089fbc2ff2628a963c2c4b12143f2020874e3e5144ffd6c62b25639a0ca1483
- completed:
    hackage: semigroupoids-5.3.4@sha256:120873dfa8084ec92745c766336e90d648c347ab99ce55329d5af36dbd3732ba,7596
    pantry-tree:
      size: 1990
      sha256: 2b3db5fbe5f68fc52532e4fa988d01d69c8845c49714c9c31a47309baa1df836
  original:
    hackage: semigroupoids-5.3.4@sha256:120873dfa8084ec92745c766336e90d648c347ab99ce55329d5af36dbd3732ba
snapshots:
- completed:
    size: 499889
    url: https://raw.githubusercontent.com/commercialhaskell/stackage-snapshots/master/lts/13/26.yaml
    sha256: ecb02ee16829df8d7219e7d7fe6c310819820bf335b0b9534bce84d3ea896684
  original: lts-13.26
