# This file was autogenerated by Stack.
# You should not edit this file by hand.
# For more information, please see the documentation at:
#   https://docs.haskellstack.org/en/stable/lock_files

packages:
- completed:
    hackage: componentm-0.0.0.2@sha256:d15df070056810a512183021d95af6fc99a4ff96a26352de4fe46b92ebc84728,2103
    pantry-tree:
      size: 629
      sha256: eb848cec860eb1588d5197a6e5441d60058aa006be610d2ca7388deac1c912e5
  original:
    hackage: componentm-0.0.0.2@sha256:d15df070056810a512183021d95af6fc99a4ff96a26352de4fe46b92ebc84728
- completed:
    hackage: dhall-1.23.0@sha256:12a699b7ed30ee40b1a3e05dfd3eef1b053914a5aebeb2f76cc568306570e51b,30737
    pantry-tree:
      size: 127759
      sha256: d5c6ff3a3628ac42975364405f9c0dfac4ad0286667e2535839b4806e5438109
  original:
    hackage: dhall-1.23.0@sha256:12a699b7ed30ee40b1a3e05dfd3eef1b053914a5aebeb2f76cc568306570e51b
- completed:
    hackage: dhall-json-1.2.8@sha256:e098f4f7891ea9ab2ac38c126614e07c821166dea47f10d876eaeda0ad5ceb11,3722
    pantry-tree:
      size: 632
      sha256: c73951ed3564a1650d11d282c21cb284c884ff5524349f0d67298af7ea6ea90c
  original:
    hackage: dhall-json-1.2.8@sha256:e098f4f7891ea9ab2ac38c126614e07c821166dea47f10d876eaeda0ad5ceb11
- completed:
    hackage: language-javascript-0.6.0.13@sha256:06238479380c78a7e0fa19da6576fb1750f44c25235c942fd33af6f3969fef85,3899
    pantry-tree:
      size: 2242
      sha256: 233def9aae1c800a2c2d735ae1223bcdae90be2a23f08b2960c070b594964af5
  original:
    hackage: language-javascript-0.6.0.13@sha256:06238479380c78a7e0fa19da6576fb1750f44c25235c942fd33af6f3969fef85
- completed:
    hackage: purescript-0.13.2@sha256:73fba1f0a8e9d42ae5d35450639eedf12cad47fe20ffa43e9f591eb9fcd62332,77521
    pantry-tree:
      size: 118872
      sha256: 00995dd07ecabc3c9b72f51cb29e704b16b7805fa81eb7e3e96d03b945acfb80
  original:
    hackage: purescript-0.13.2@sha256:73fba1f0a8e9d42ae5d35450639eedf12cad47fe20ffa43e9f591eb9fcd62332
- completed:
    hackage: repline-0.2.1.0@sha256:0f8e92d78e771afb9d41243c2b6ab9609fe02f94e676fae3caed66fa4ce09b18,1187
    pantry-tree:
      size: 323
      sha256: f48833fb8a89fc4ede1b254bdfbc8937d82e694eb05bf936bf89293bab691700
  original:
    hackage: repline-0.2.1.0@sha256:0f8e92d78e771afb9d41243c2b6ab9609fe02f94e676fae3caed66fa4ce09b18
- completed:
    hackage: rio-0.1.9.2@sha256:d46a202ae0930b496fd17fd9041d051d45645ab28a2f8d30cf483f50ccb21eb3,3588
    pantry-tree:
      size: 4617
      sha256: c9dbd03053dc698d66549146dbb9e370b29045a48be495b088877bf53da01a29
  original:
    hackage: rio-0.1.9.2@sha256:d46a202ae0930b496fd17fd9041d051d45645ab28a2f8d30cf483f50ccb21eb3
- completed:
    hackage: teardown-0.5.0.1@sha256:b7a6812637f79d81632bb7adebc5ad9a96fffacf3e5f655d5bf21728bd3786f9,2868
    pantry-tree:
      size: 742
      sha256: 386c90aef420c528d67581e2108bacbb648b8ca6d1bbd447e5f3a306db4b236c
  original:
    hackage: teardown-0.5.0.1@sha256:b7a6812637f79d81632bb7adebc5ad9a96fffacf3e5f655d5bf21728bd3786f9
snapshots:
- completed:
    size: 496635
    url: https://raw.githubusercontent.com/commercialhaskell/stackage-snapshots/master/lts/13/12.yaml
    sha256: 67b74d6acad1342ba8089b75f415c1c63897e3f32091863c921104e8d0bdcfa0
  original: lts-13.12
